// !$*UTF8*$!
{
	archiveVersion = 1;
	classes = {
	};
	objectVersion = 56;
	objects = {

/* Begin PBXBuildFile section */
		2E393A982ADD6FE000B409F3 /* interestUI.swift in Sources */ = {isa = PBXBuildFile; fileRef = 2E393A972ADD6FE000B409F3 /* interestUI.swift */; };
		2E44B3F12ADEDCDE0017177C /* selected.swift in Sources */ = {isa = PBXBuildFile; fileRef = 2E44B3F02ADEDCDE0017177C /* selected.swift */; };
		3D3E3B522AD42D2000D530AB /* GohAppApp.swift in Sources */ = {isa = PBXBuildFile; fileRef = 3D3E3B512AD42D2000D530AB /* GohAppApp.swift */; };
		3D3E3B542AD42D2000D530AB /* ContentView.swift in Sources */ = {isa = PBXBuildFile; fileRef = 3D3E3B532AD42D2000D530AB /* ContentView.swift */; };
		3D3E3B562AD42D2100D530AB /* Assets.xcassets in Resources */ = {isa = PBXBuildFile; fileRef = 3D3E3B552AD42D2100D530AB /* Assets.xcassets */; };
		3D3E3B592AD42D2100D530AB /* Preview Assets.xcassets in Resources */ = {isa = PBXBuildFile; fileRef = 3D3E3B582AD42D2100D530AB /* Preview Assets.xcassets */; };
		3D3E3B632AD42D2100D530AB /* GohAppTests.swift in Sources */ = {isa = PBXBuildFile; fileRef = 3D3E3B622AD42D2100D530AB /* GohAppTests.swift */; };
		3D3E3B6D2AD42D2100D530AB /* GohAppUITests.swift in Sources */ = {isa = PBXBuildFile; fileRef = 3D3E3B6C2AD42D2100D530AB /* GohAppUITests.swift */; };
		3D3E3B6F2AD42D2100D530AB /* GohAppUITestsLaunchTests.swift in Sources */ = {isa = PBXBuildFile; fileRef = 3D3E3B6E2AD42D2100D530AB /* GohAppUITestsLaunchTests.swift */; };
		3D3E3B802ADAEC9200D530AB /* invitationsPage.swift in Sources */ = {isa = PBXBuildFile; fileRef = 3D3E3B7F2ADAEC9100D530AB /* invitationsPage.swift */; };
		3D3E3B862ADB336B00D530AB /* testPage.swift in Sources */ = {isa = PBXBuildFile; fileRef = 3D3E3B852ADB336B00D530AB /* testPage.swift */; };
		3D3E3B8B2ADB58E800D530AB /* createPage.swift in Sources */ = {isa = PBXBuildFile; fileRef = 3D3E3B8A2ADB58E800D530AB /* createPage.swift */; };
		3D800B2A2ADDDD5C00042120 /* topTabView.swift in Sources */ = {isa = PBXBuildFile; fileRef = 3D800B292ADDDD5C00042120 /* topTabView.swift */; };
		562B3EFB2ADC0EEC003985A9 /* TabBarViwe.swift in Sources */ = {isa = PBXBuildFile; fileRef = 562B3EFA2ADC0EEC003985A9 /* TabBarViwe.swift */; };
		562B3EFD2ADC0F70003985A9 /* LoginScreenView.swift in Sources */ = {isa = PBXBuildFile; fileRef = 562B3EFC2ADC0F70003985A9 /* LoginScreenView.swift */; };
		562B3EFF2ADC0F9A003985A9 /* SignUpView.swift in Sources */ = {isa = PBXBuildFile; fileRef = 562B3EFE2ADC0F9A003985A9 /* SignUpView.swift */; };
		562B3F012ADC0FC6003985A9 /* MyTripsView.swift in Sources */ = {isa = PBXBuildFile; fileRef = 562B3F002ADC0FC6003985A9 /* MyTripsView.swift */; };
		562B3F032ADC100A003985A9 /* DiscoverView.swift in Sources */ = {isa = PBXBuildFile; fileRef = 562B3F022ADC100A003985A9 /* DiscoverView.swift */; };
		A71C26B92ADD733D00816614 /* suggestionPage.swift in Sources */ = {isa = PBXBuildFile; fileRef = A71C26B82ADD733D00816614 /* suggestionPage.swift */; };
		A71C26BB2ADD737D00816614 /* yourTripToPage.swift in Sources */ = {isa = PBXBuildFile; fileRef = A71C26BA2ADD737D00816614 /* yourTripToPage.swift */; };
		A71C26BE2ADD73C700816614 /* CircleSpinnerPage.swift in Sources */ = {isa = PBXBuildFile; fileRef = A71C26BC2ADD73B000816614 /* CircleSpinnerPage.swift */; };
/* End PBXBuildFile section */

/* Begin PBXContainerItemProxy section */
		3D3E3B5F2AD42D2100D530AB /* PBXContainerItemProxy */ = {
			isa = PBXContainerItemProxy;
			containerPortal = 3D3E3B462AD42D2000D530AB /* Project object */;
			proxyType = 1;
			remoteGlobalIDString = 3D3E3B4D2AD42D2000D530AB;
			remoteInfo = GohApp;
		};
		3D3E3B692AD42D2100D530AB /* PBXContainerItemProxy */ = {
			isa = PBXContainerItemProxy;
			containerPortal = 3D3E3B462AD42D2000D530AB /* Project object */;
			proxyType = 1;
			remoteGlobalIDString = 3D3E3B4D2AD42D2000D530AB;
			remoteInfo = GohApp;
		};
/* End PBXContainerItemProxy section */

/* Begin PBXFileReference section */
		2E393A972ADD6FE000B409F3 /* interestUI.swift */ = {isa = PBXFileReference; lastKnownFileType = sourcecode.swift; path = interestUI.swift; sourceTree = "<group>"; };
		2E44B3F02ADEDCDE0017177C /* selected.swift */ = {isa = PBXFileReference; lastKnownFileType = sourcecode.swift; path = selected.swift; sourceTree = "<group>"; };
		3D3E3B4E2AD42D2000D530AB /* GohApp.app */ = {isa = PBXFileReference; explicitFileType = wrapper.application; includeInIndex = 0; path = GohApp.app; sourceTree = BUILT_PRODUCTS_DIR; };
		3D3E3B512AD42D2000D530AB /* GohAppApp.swift */ = {isa = PBXFileReference; lastKnownFileType = sourcecode.swift; path = GohAppApp.swift; sourceTree = "<group>"; };
		3D3E3B532AD42D2000D530AB /* ContentView.swift */ = {isa = PBXFileReference; lastKnownFileType = sourcecode.swift; path = ContentView.swift; sourceTree = "<group>"; };
		3D3E3B552AD42D2100D530AB /* Assets.xcassets */ = {isa = PBXFileReference; lastKnownFileType = folder.assetcatalog; path = Assets.xcassets; sourceTree = "<group>"; };
		3D3E3B582AD42D2100D530AB /* Preview Assets.xcassets */ = {isa = PBXFileReference; lastKnownFileType = folder.assetcatalog; path = "Preview Assets.xcassets"; sourceTree = "<group>"; };
		3D3E3B5E2AD42D2100D530AB /* GohAppTests.xctest */ = {isa = PBXFileReference; explicitFileType = wrapper.cfbundle; includeInIndex = 0; path = GohAppTests.xctest; sourceTree = BUILT_PRODUCTS_DIR; };
		3D3E3B622AD42D2100D530AB /* GohAppTests.swift */ = {isa = PBXFileReference; lastKnownFileType = sourcecode.swift; path = GohAppTests.swift; sourceTree = "<group>"; };
		3D3E3B682AD42D2100D530AB /* GohAppUITests.xctest */ = {isa = PBXFileReference; explicitFileType = wrapper.cfbundle; includeInIndex = 0; path = GohAppUITests.xctest; sourceTree = BUILT_PRODUCTS_DIR; };
		3D3E3B6C2AD42D2100D530AB /* GohAppUITests.swift */ = {isa = PBXFileReference; lastKnownFileType = sourcecode.swift; path = GohAppUITests.swift; sourceTree = "<group>"; };
		3D3E3B6E2AD42D2100D530AB /* GohAppUITestsLaunchTests.swift */ = {isa = PBXFileReference; lastKnownFileType = sourcecode.swift; path = GohAppUITestsLaunchTests.swift; sourceTree = "<group>"; };
		3D3E3B7F2ADAEC9100D530AB /* invitationsPage.swift */ = {isa = PBXFileReference; lastKnownFileType = sourcecode.swift; path = invitationsPage.swift; sourceTree = "<group>"; };
		3D3E3B852ADB336B00D530AB /* testPage.swift */ = {isa = PBXFileReference; lastKnownFileType = sourcecode.swift; path = testPage.swift; sourceTree = "<group>"; };
		3D3E3B8A2ADB58E800D530AB /* createPage.swift */ = {isa = PBXFileReference; lastKnownFileType = sourcecode.swift; path = createPage.swift; sourceTree = "<group>"; };
		3D800B292ADDDD5C00042120 /* topTabView.swift */ = {isa = PBXFileReference; lastKnownFileType = sourcecode.swift; path = topTabView.swift; sourceTree = "<group>"; };
		562B3EFA2ADC0EEC003985A9 /* TabBarViwe.swift */ = {isa = PBXFileReference; lastKnownFileType = sourcecode.swift; path = TabBarViwe.swift; sourceTree = "<group>"; };
		562B3EFC2ADC0F70003985A9 /* LoginScreenView.swift */ = {isa = PBXFileReference; lastKnownFileType = sourcecode.swift; path = LoginScreenView.swift; sourceTree = "<group>"; };
		562B3EFE2ADC0F9A003985A9 /* SignUpView.swift */ = {isa = PBXFileReference; lastKnownFileType = sourcecode.swift; path = SignUpView.swift; sourceTree = "<group>"; };
		562B3F002ADC0FC6003985A9 /* MyTripsView.swift */ = {isa = PBXFileReference; lastKnownFileType = sourcecode.swift; path = MyTripsView.swift; sourceTree = "<group>"; };
		562B3F022ADC100A003985A9 /* DiscoverView.swift */ = {isa = PBXFileReference; lastKnownFileType = sourcecode.swift; path = DiscoverView.swift; sourceTree = "<group>"; };
		A71C26B82ADD733D00816614 /* suggestionPage.swift */ = {isa = PBXFileReference; lastKnownFileType = sourcecode.swift; path = suggestionPage.swift; sourceTree = "<group>"; };
		A71C26BA2ADD737D00816614 /* yourTripToPage.swift */ = {isa = PBXFileReference; lastKnownFileType = sourcecode.swift; path = yourTripToPage.swift; sourceTree = "<group>"; };
		A71C26BC2ADD73B000816614 /* CircleSpinnerPage.swift */ = {isa = PBXFileReference; lastKnownFileType = sourcecode.swift; path = CircleSpinnerPage.swift; sourceTree = "<group>"; };
/* End PBXFileReference section */

/* Begin PBXFrameworksBuildPhase section */
		3D3E3B4B2AD42D2000D530AB /* Frameworks */ = {
			isa = PBXFrameworksBuildPhase;
			buildActionMask = 2147483647;
			files = (
			);
			runOnlyForDeploymentPostprocessing = 0;
		};
		3D3E3B5B2AD42D2100D530AB /* Frameworks */ = {
			isa = PBXFrameworksBuildPhase;
			buildActionMask = 2147483647;
			files = (
			);
			runOnlyForDeploymentPostprocessing = 0;
		};
		3D3E3B652AD42D2100D530AB /* Frameworks */ = {
			isa = PBXFrameworksBuildPhase;
			buildActionMask = 2147483647;
			files = (
			);
			runOnlyForDeploymentPostprocessing = 0;
		};
/* End PBXFrameworksBuildPhase section */

/* Begin PBXGroup section */
		3D3E3B452AD42D2000D530AB = {
			isa = PBXGroup;
			children = (
				3D3E3B502AD42D2000D530AB /* GohApp */,
				3D3E3B612AD42D2100D530AB /* GohAppTests */,
				3D3E3B6B2AD42D2100D530AB /* GohAppUITests */,
				3D3E3B4F2AD42D2000D530AB /* Products */,
			);
			sourceTree = "<group>";
		};
		3D3E3B4F2AD42D2000D530AB /* Products */ = {
			isa = PBXGroup;
			children = (
				3D3E3B4E2AD42D2000D530AB /* GohApp.app */,
				3D3E3B5E2AD42D2100D530AB /* GohAppTests.xctest */,
				3D3E3B682AD42D2100D530AB /* GohAppUITests.xctest */,
			);
			name = Products;
			sourceTree = "<group>";
		};
		3D3E3B502AD42D2000D530AB /* GohApp */ = {
			isa = PBXGroup;
			children = (
				A71C26BA2ADD737D00816614 /* yourTripToPage.swift */,
				A71C26B82ADD733D00816614 /* suggestionPage.swift */,
				3D3E3B512AD42D2000D530AB /* GohAppApp.swift */,
				3D3E3B532AD42D2000D530AB /* ContentView.swift */,
				562B3EFA2ADC0EEC003985A9 /* TabBarViwe.swift */,
				3D800B292ADDDD5C00042120 /* topTabView.swift */,
				562B3EFC2ADC0F70003985A9 /* LoginScreenView.swift */,
				2E393A972ADD6FE000B409F3 /* interestUI.swift */,
				2E44B3F02ADEDCDE0017177C /* selected.swift */,
				562B3EFE2ADC0F9A003985A9 /* SignUpView.swift */,
				562B3F002ADC0FC6003985A9 /* MyTripsView.swift */,
				562B3F022ADC100A003985A9 /* DiscoverView.swift */,
				3D3E3B7F2ADAEC9100D530AB /* invitationsPage.swift */,
				3D3E3B852ADB336B00D530AB /* testPage.swift */,
				3D3E3B8A2ADB58E800D530AB /* createPage.swift */,
				A71C26BC2ADD73B000816614 /* CircleSpinnerPage.swift */,
				3D3E3B552AD42D2100D530AB /* Assets.xcassets */,
				3D3E3B572AD42D2100D530AB /* Preview Content */,
			);
			path = GohApp;
			sourceTree = "<group>";
		};
		3D3E3B572AD42D2100D530AB /* Preview Content */ = {
			isa = PBXGroup;
			children = (
				3D3E3B582AD42D2100D530AB /* Preview Assets.xcassets */,
			);
			path = "Preview Content";
			sourceTree = "<group>";
		};
		3D3E3B612AD42D2100D530AB /* GohAppTests */ = {
			isa = PBXGroup;
			children = (
				3D3E3B622AD42D2100D530AB /* GohAppTests.swift */,
			);
			path = GohAppTests;
			sourceTree = "<group>";
		};
		3D3E3B6B2AD42D2100D530AB /* GohAppUITests */ = {
			isa = PBXGroup;
			children = (
				3D3E3B6C2AD42D2100D530AB /* GohAppUITests.swift */,
				3D3E3B6E2AD42D2100D530AB /* GohAppUITestsLaunchTests.swift */,
			);
			path = GohAppUITests;
			sourceTree = "<group>";
		};
/* End PBXGroup section */

/* Begin PBXNativeTarget section */
		3D3E3B4D2AD42D2000D530AB /* GohApp */ = {
			isa = PBXNativeTarget;
			buildConfigurationList = 3D3E3B722AD42D2100D530AB /* Build configuration list for PBXNativeTarget "GohApp" */;
			buildPhases = (
				3D3E3B4A2AD42D2000D530AB /* Sources */,
				3D3E3B4B2AD42D2000D530AB /* Frameworks */,
				3D3E3B4C2AD42D2000D530AB /* Resources */,
			);
			buildRules = (
			);
			dependencies = (
			);
			name = GohApp;
			productName = GohApp;
			productReference = 3D3E3B4E2AD42D2000D530AB /* GohApp.app */;
			productType = "com.apple.product-type.application";
		};
		3D3E3B5D2AD42D2100D530AB /* GohAppTests */ = {
			isa = PBXNativeTarget;
			buildConfigurationList = 3D3E3B752AD42D2100D530AB /* Build configuration list for PBXNativeTarget "GohAppTests" */;
			buildPhases = (
				3D3E3B5A2AD42D2100D530AB /* Sources */,
				3D3E3B5B2AD42D2100D530AB /* Frameworks */,
				3D3E3B5C2AD42D2100D530AB /* Resources */,
			);
			buildRules = (
			);
			dependencies = (
				3D3E3B602AD42D2100D530AB /* PBXTargetDependency */,
			);
			name = GohAppTests;
			productName = GohAppTests;
			productReference = 3D3E3B5E2AD42D2100D530AB /* GohAppTests.xctest */;
			productType = "com.apple.product-type.bundle.unit-test";
		};
		3D3E3B672AD42D2100D530AB /* GohAppUITests */ = {
			isa = PBXNativeTarget;
			buildConfigurationList = 3D3E3B782AD42D2100D530AB /* Build configuration list for PBXNativeTarget "GohAppUITests" */;
			buildPhases = (
				3D3E3B642AD42D2100D530AB /* Sources */,
				3D3E3B652AD42D2100D530AB /* Frameworks */,
				3D3E3B662AD42D2100D530AB /* Resources */,
			);
			buildRules = (
			);
			dependencies = (
				3D3E3B6A2AD42D2100D530AB /* PBXTargetDependency */,
			);
			name = GohAppUITests;
			productName = GohAppUITests;
			productReference = 3D3E3B682AD42D2100D530AB /* GohAppUITests.xctest */;
			productType = "com.apple.product-type.bundle.ui-testing";
		};
/* End PBXNativeTarget section */

/* Begin PBXProject section */
		3D3E3B462AD42D2000D530AB /* Project object */ = {
			isa = PBXProject;
			attributes = {
				BuildIndependentTargetsInParallel = 1;
				LastSwiftUpdateCheck = 1500;
				LastUpgradeCheck = 1500;
				TargetAttributes = {
					3D3E3B4D2AD42D2000D530AB = {
						CreatedOnToolsVersion = 15.0;
					};
					3D3E3B5D2AD42D2100D530AB = {
						CreatedOnToolsVersion = 15.0;
						TestTargetID = 3D3E3B4D2AD42D2000D530AB;
					};
					3D3E3B672AD42D2100D530AB = {
						CreatedOnToolsVersion = 15.0;
						TestTargetID = 3D3E3B4D2AD42D2000D530AB;
					};
				};
			};
			buildConfigurationList = 3D3E3B492AD42D2000D530AB /* Build configuration list for PBXProject "GohApp" */;
			compatibilityVersion = "Xcode 14.0";
			developmentRegion = en;
			hasScannedForEncodings = 0;
			knownRegions = (
				en,
				Base,
			);
			mainGroup = 3D3E3B452AD42D2000D530AB;
			productRefGroup = 3D3E3B4F2AD42D2000D530AB /* Products */;
			projectDirPath = "";
			projectRoot = "";
			targets = (
				3D3E3B4D2AD42D2000D530AB /* GohApp */,
				3D3E3B5D2AD42D2100D530AB /* GohAppTests */,
				3D3E3B672AD42D2100D530AB /* GohAppUITests */,
			);
		};
/* End PBXProject section */

/* Begin PBXResourcesBuildPhase section */
		3D3E3B4C2AD42D2000D530AB /* Resources */ = {
			isa = PBXResourcesBuildPhase;
			buildActionMask = 2147483647;
			files = (
				3D3E3B592AD42D2100D530AB /* Preview Assets.xcassets in Resources */,
				3D3E3B562AD42D2100D530AB /* Assets.xcassets in Resources */,
			);
			runOnlyForDeploymentPostprocessing = 0;
		};
		3D3E3B5C2AD42D2100D530AB /* Resources */ = {
			isa = PBXResourcesBuildPhase;
			buildActionMask = 2147483647;
			files = (
			);
			runOnlyForDeploymentPostprocessing = 0;
		};
		3D3E3B662AD42D2100D530AB /* Resources */ = {
			isa = PBXResourcesBuildPhase;
			buildActionMask = 2147483647;
			files = (
			);
			runOnlyForDeploymentPostprocessing = 0;
		};
/* End PBXResourcesBuildPhase section */

/* Begin PBXSourcesBuildPhase section */
		3D3E3B4A2AD42D2000D530AB /* Sources */ = {
			isa = PBXSourcesBuildPhase;
			buildActionMask = 2147483647;
			files = (
				3D800B2A2ADDDD5C00042120 /* topTabView.swift in Sources */,
				562B3EFB2ADC0EEC003985A9 /* TabBarViwe.swift in Sources */,
				2E44B3F12ADEDCDE0017177C /* selected.swift in Sources */,
				3D3E3B542AD42D2000D530AB /* ContentView.swift in Sources */,
				562B3EFD2ADC0F70003985A9 /* LoginScreenView.swift in Sources */,
				2E393A982ADD6FE000B409F3 /* interestUI.swift in Sources */,
				3D3E3B522AD42D2000D530AB /* GohAppApp.swift in Sources */,
				562B3EFF2ADC0F9A003985A9 /* SignUpView.swift in Sources */,
				A71C26BE2ADD73C700816614 /* CircleSpinnerPage.swift in Sources */,
				A71C26BB2ADD737D00816614 /* yourTripToPage.swift in Sources */,
				3D3E3B862ADB336B00D530AB /* testPage.swift in Sources */,
				562B3F012ADC0FC6003985A9 /* MyTripsView.swift in Sources */,
				A71C26B92ADD733D00816614 /* suggestionPage.swift in Sources */,
				562B3F032ADC100A003985A9 /* DiscoverView.swift in Sources */,
				3D3E3B802ADAEC9200D530AB /* invitationsPage.swift in Sources */,
				3D3E3B8B2ADB58E800D530AB /* createPage.swift in Sources */,
			);
			runOnlyForDeploymentPostprocessing = 0;
		};
		3D3E3B5A2AD42D2100D530AB /* Sources */ = {
			isa = PBXSourcesBuildPhase;
			buildActionMask = 2147483647;
			files = (
				3D3E3B632AD42D2100D530AB /* GohAppTests.swift in Sources */,
			);
			runOnlyForDeploymentPostprocessing = 0;
		};
		3D3E3B642AD42D2100D530AB /* Sources */ = {
			isa = PBXSourcesBuildPhase;
			buildActionMask = 2147483647;
			files = (
				3D3E3B6D2AD42D2100D530AB /* GohAppUITests.swift in Sources */,
				3D3E3B6F2AD42D2100D530AB /* GohAppUITestsLaunchTests.swift in Sources */,
			);
			runOnlyForDeploymentPostprocessing = 0;
		};
/* End PBXSourcesBuildPhase section */

/* Begin PBXTargetDependency section */
		3D3E3B602AD42D2100D530AB /* PBXTargetDependency */ = {
			isa = PBXTargetDependency;
			target = 3D3E3B4D2AD42D2000D530AB /* GohApp */;
			targetProxy = 3D3E3B5F2AD42D2100D530AB /* PBXContainerItemProxy */;
		};
		3D3E3B6A2AD42D2100D530AB /* PBXTargetDependency */ = {
			isa = PBXTargetDependency;
			target = 3D3E3B4D2AD42D2000D530AB /* GohApp */;
			targetProxy = 3D3E3B692AD42D2100D530AB /* PBXContainerItemProxy */;
		};
/* End PBXTargetDependency section */

/* Begin XCBuildConfiguration section */
		3D3E3B702AD42D2100D530AB /* Debug */ = {
			isa = XCBuildConfiguration;
			buildSettings = {
				ALWAYS_SEARCH_USER_PATHS = NO;
				ASSETCATALOG_COMPILER_GENERATE_SWIFT_ASSET_SYMBOL_EXTENSIONS = YES;
				CLANG_ANALYZER_NONNULL = YES;
				CLANG_ANALYZER_NUMBER_OBJECT_CONVERSION = YES_AGGRESSIVE;
				CLANG_CXX_LANGUAGE_STANDARD = "gnu++20";
				CLANG_ENABLE_MODULES = YES;
				CLANG_ENABLE_OBJC_ARC = YES;
				CLANG_ENABLE_OBJC_WEAK = YES;
				CLANG_WARN_BLOCK_CAPTURE_AUTORELEASING = YES;
				CLANG_WARN_BOOL_CONVERSION = YES;
				CLANG_WARN_COMMA = YES;
				CLANG_WARN_CONSTANT_CONVERSION = YES;
				CLANG_WARN_DEPRECATED_OBJC_IMPLEMENTATIONS = YES;
				CLANG_WARN_DIRECT_OBJC_ISA_USAGE = YES_ERROR;
				CLANG_WARN_DOCUMENTATION_COMMENTS = YES;
				CLANG_WARN_EMPTY_BODY = YES;
				CLANG_WARN_ENUM_CONVERSION = YES;
				CLANG_WARN_INFINITE_RECURSION = YES;
				CLANG_WARN_INT_CONVERSION = YES;
				CLANG_WARN_NON_LITERAL_NULL_CONVERSION = YES;
				CLANG_WARN_OBJC_IMPLICIT_RETAIN_SELF = YES;
				CLANG_WARN_OBJC_LITERAL_CONVERSION = YES;
				CLANG_WARN_OBJC_ROOT_CLASS = YES_ERROR;
				CLANG_WARN_QUOTED_INCLUDE_IN_FRAMEWORK_HEADER = YES;
				CLANG_WARN_RANGE_LOOP_ANALYSIS = YES;
				CLANG_WARN_STRICT_PROTOTYPES = YES;
				CLANG_WARN_SUSPICIOUS_MOVE = YES;
				CLANG_WARN_UNGUARDED_AVAILABILITY = YES_AGGRESSIVE;
				CLANG_WARN_UNREACHABLE_CODE = YES;
				CLANG_WARN__DUPLICATE_METHOD_MATCH = YES;
				COPY_PHASE_STRIP = NO;
				DEBUG_INFORMATION_FORMAT = dwarf;
				ENABLE_STRICT_OBJC_MSGSEND = YES;
				ENABLE_TESTABILITY = YES;
				ENABLE_USER_SCRIPT_SANDBOXING = YES;
				GCC_C_LANGUAGE_STANDARD = gnu17;
				GCC_DYNAMIC_NO_PIC = NO;
				GCC_NO_COMMON_BLOCKS = YES;
				GCC_OPTIMIZATION_LEVEL = 0;
				GCC_PREPROCESSOR_DEFINITIONS = (
					"DEBUG=1",
					"$(inherited)",
				);
				GCC_WARN_64_TO_32_BIT_CONVERSION = YES;
				GCC_WARN_ABOUT_RETURN_TYPE = YES_ERROR;
				GCC_WARN_UNDECLARED_SELECTOR = YES;
				GCC_WARN_UNINITIALIZED_AUTOS = YES_AGGRESSIVE;
				GCC_WARN_UNUSED_FUNCTION = YES;
				GCC_WARN_UNUSED_VARIABLE = YES;
				IPHONEOS_DEPLOYMENT_TARGET = 17.0;
				LOCALIZATION_PREFERS_STRING_CATALOGS = YES;
				MTL_ENABLE_DEBUG_INFO = INCLUDE_SOURCE;
				MTL_FAST_MATH = YES;
				ONLY_ACTIVE_ARCH = YES;
				SDKROOT = iphoneos;
				SWIFT_ACTIVE_COMPILATION_CONDITIONS = "DEBUG $(inherited)";
				SWIFT_OPTIMIZATION_LEVEL = "-Onone";
			};
			name = Debug;
		};
		3D3E3B712AD42D2100D530AB /* Release */ = {
			isa = XCBuildConfiguration;
			buildSettings = {
				ALWAYS_SEARCH_USER_PATHS = NO;
				ASSETCATALOG_COMPILER_GENERATE_SWIFT_ASSET_SYMBOL_EXTENSIONS = YES;
				CLANG_ANALYZER_NONNULL = YES;
				CLANG_ANALYZER_NUMBER_OBJECT_CONVERSION = YES_AGGRESSIVE;
				CLANG_CXX_LANGUAGE_STANDARD = "gnu++20";
				CLANG_ENABLE_MODULES = YES;
				CLANG_ENABLE_OBJC_ARC = YES;
				CLANG_ENABLE_OBJC_WEAK = YES;
				CLANG_WARN_BLOCK_CAPTURE_AUTORELEASING = YES;
				CLANG_WARN_BOOL_CONVERSION = YES;
				CLANG_WARN_COMMA = YES;
				CLANG_WARN_CONSTANT_CONVERSION = YES;
				CLANG_WARN_DEPRECATED_OBJC_IMPLEMENTATIONS = YES;
				CLANG_WARN_DIRECT_OBJC_ISA_USAGE = YES_ERROR;
				CLANG_WARN_DOCUMENTATION_COMMENTS = YES;
				CLANG_WARN_EMPTY_BODY = YES;
				CLANG_WARN_ENUM_CONVERSION = YES;
				CLANG_WARN_INFINITE_RECURSION = YES;
				CLANG_WARN_INT_CONVERSION = YES;
				CLANG_WARN_NON_LITERAL_NULL_CONVERSION = YES;
				CLANG_WARN_OBJC_IMPLICIT_RETAIN_SELF = YES;
				CLANG_WARN_OBJC_LITERAL_CONVERSION = YES;
				CLANG_WARN_OBJC_ROOT_CLASS = YES_ERROR;
				CLANG_WARN_QUOTED_INCLUDE_IN_FRAMEWORK_HEADER = YES;
				CLANG_WARN_RANGE_LOOP_ANALYSIS = YES;
				CLANG_WARN_STRICT_PROTOTYPES = YES;
				CLANG_WARN_SUSPICIOUS_MOVE = YES;
				CLANG_WARN_UNGUARDED_AVAILABILITY = YES_AGGRESSIVE;
				CLANG_WARN_UNREACHABLE_CODE = YES;
				CLANG_WARN__DUPLICATE_METHOD_MATCH = YES;
				COPY_PHASE_STRIP = NO;
				DEBUG_INFORMATION_FORMAT = "dwarf-with-dsym";
				ENABLE_NS_ASSERTIONS = NO;
				ENABLE_STRICT_OBJC_MSGSEND = YES;
				ENABLE_USER_SCRIPT_SANDBOXING = YES;
				GCC_C_LANGUAGE_STANDARD = gnu17;
				GCC_NO_COMMON_BLOCKS = YES;
				GCC_WARN_64_TO_32_BIT_CONVERSION = YES;
				GCC_WARN_ABOUT_RETURN_TYPE = YES_ERROR;
				GCC_WARN_UNDECLARED_SELECTOR = YES;
				GCC_WARN_UNINITIALIZED_AUTOS = YES_AGGRESSIVE;
				GCC_WARN_UNUSED_FUNCTION = YES;
				GCC_WARN_UNUSED_VARIABLE = YES;
				IPHONEOS_DEPLOYMENT_TARGET = 17.0;
				LOCALIZATION_PREFERS_STRING_CATALOGS = YES;
				MTL_ENABLE_DEBUG_INFO = NO;
				MTL_FAST_MATH = YES;
				SDKROOT = iphoneos;
				SWIFT_COMPILATION_MODE = wholemodule;
				VALIDATE_PRODUCT = YES;
			};
			name = Release;
		};
		3D3E3B732AD42D2100D530AB /* Debug */ = {
			isa = XCBuildConfiguration;
			buildSettings = {
				ASSETCATALOG_COMPILER_APPICON_NAME = AppIcon;
				ASSETCATALOG_COMPILER_GLOBAL_ACCENT_COLOR_NAME = AccentColor;
				CODE_SIGN_STYLE = Automatic;
				CURRENT_PROJECT_VERSION = 1;
				DEVELOPMENT_ASSET_PATHS = "\"GohApp/Preview Content\"";
				ENABLE_PREVIEWS = YES;
				GENERATE_INFOPLIST_FILE = YES;
				INFOPLIST_KEY_UIApplicationSceneManifest_Generation = YES;
				INFOPLIST_KEY_UIApplicationSupportsIndirectInputEvents = YES;
				INFOPLIST_KEY_UILaunchScreen_Generation = YES;
				INFOPLIST_KEY_UISupportedInterfaceOrientations_iPad = "UIInterfaceOrientationPortrait UIInterfaceOrientationPortraitUpsideDown UIInterfaceOrientationLandscapeLeft UIInterfaceOrientationLandscapeRight";
				INFOPLIST_KEY_UISupportedInterfaceOrientations_iPhone = "UIInterfaceOrientationPortrait UIInterfaceOrientationLandscapeLeft UIInterfaceOrientationLandscapeRight";
				LD_RUNPATH_SEARCH_PATHS = (
					"$(inherited)",
					"@executable_path/Frameworks",
				);
				MARKETING_VERSION = 1.0;
				PRODUCT_BUNDLE_IDENTIFIER = GohApp.GohApp;
				PRODUCT_NAME = "$(TARGET_NAME)";
				SWIFT_EMIT_LOC_STRINGS = YES;
				SWIFT_VERSION = 5.0;
				TARGETED_DEVICE_FAMILY = "1,2";
			};
			name = Debug;
		};
		3D3E3B742AD42D2100D530AB /* Release */ = {
			isa = XCBuildConfiguration;
			buildSettings = {
				ASSETCATALOG_COMPILER_APPICON_NAME = AppIcon;
				ASSETCATALOG_COMPILER_GLOBAL_ACCENT_COLOR_NAME = AccentColor;
				CODE_SIGN_STYLE = Automatic;
				CURRENT_PROJECT_VERSION = 1;
				DEVELOPMENT_ASSET_PATHS = "\"GohApp/Preview Content\"";
				ENABLE_PREVIEWS = YES;
				GENERATE_INFOPLIST_FILE = YES;
				INFOPLIST_KEY_UIApplicationSceneManifest_Generation = YES;
				INFOPLIST_KEY_UIApplicationSupportsIndirectInputEvents = YES;
				INFOPLIST_KEY_UILaunchScreen_Generation = YES;
				INFOPLIST_KEY_UISupportedInterfaceOrientations_iPad = "UIInterfaceOrientationPortrait UIInterfaceOrientationPortraitUpsideDown UIInterfaceOrientationLandscapeLeft UIInterfaceOrientationLandscapeRight";
				INFOPLIST_KEY_UISupportedInterfaceOrientations_iPhone = "UIInterfaceOrientationPortrait UIInterfaceOrientationLandscapeLeft UIInterfaceOrientationLandscapeRight";
				LD_RUNPATH_SEARCH_PATHS = (
					"$(inherited)",
					"@executable_path/Frameworks",
				);
				MARKETING_VERSION = 1.0;
				PRODUCT_BUNDLE_IDENTIFIER = GohApp.GohApp;
				PRODUCT_NAME = "$(TARGET_NAME)";
				SWIFT_EMIT_LOC_STRINGS = YES;
				SWIFT_VERSION = 5.0;
				TARGETED_DEVICE_FAMILY = "1,2";
			};
			name = Release;
		};
		3D3E3B762AD42D2100D530AB /* Debug */ = {
			isa = XCBuildConfiguration;
			buildSettings = {
				ALWAYS_EMBED_SWIFT_STANDARD_LIBRARIES = YES;
				BUNDLE_LOADER = "$(TEST_HOST)";
				CODE_SIGN_STYLE = Automatic;
				CURRENT_PROJECT_VERSION = 1;
				GENERATE_INFOPLIST_FILE = YES;
				IPHONEOS_DEPLOYMENT_TARGET = 17.0;
				MARKETING_VERSION = 1.0;
				PRODUCT_BUNDLE_IDENTIFIER = GohApp.GohAppTests;
				PRODUCT_NAME = "$(TARGET_NAME)";
				SWIFT_EMIT_LOC_STRINGS = NO;
				SWIFT_VERSION = 5.0;
				TARGETED_DEVICE_FAMILY = "1,2";
				TEST_HOST = "$(BUILT_PRODUCTS_DIR)/GohApp.app/$(BUNDLE_EXECUTABLE_FOLDER_PATH)/GohApp";
			};
			name = Debug;
		};
		3D3E3B772AD42D2100D530AB /* Release */ = {
			isa = XCBuildConfiguration;
			buildSettings = {
				ALWAYS_EMBED_SWIFT_STANDARD_LIBRARIES = YES;
				BUNDLE_LOADER = "$(TEST_HOST)";
				CODE_SIGN_STYLE = Automatic;
				CURRENT_PROJECT_VERSION = 1;
				GENERATE_INFOPLIST_FILE = YES;
				IPHONEOS_DEPLOYMENT_TARGET = 17.0;
				MARKETING_VERSION = 1.0;
				PRODUCT_BUNDLE_IDENTIFIER = GohApp.GohAppTests;
				PRODUCT_NAME = "$(TARGET_NAME)";
				SWIFT_EMIT_LOC_STRINGS = NO;
				SWIFT_VERSION = 5.0;
				TARGETED_DEVICE_FAMILY = "1,2";
				TEST_HOST = "$(BUILT_PRODUCTS_DIR)/GohApp.app/$(BUNDLE_EXECUTABLE_FOLDER_PATH)/GohApp";
			};
			name = Release;
		};
		3D3E3B792AD42D2100D530AB /* Debug */ = {
			isa = XCBuildConfiguration;
			buildSettings = {
				ALWAYS_EMBED_SWIFT_STANDARD_LIBRARIES = YES;
				CODE_SIGN_STYLE = Automatic;
				CURRENT_PROJECT_VERSION = 1;
				GENERATE_INFOPLIST_FILE = YES;
				MARKETING_VERSION = 1.0;
				PRODUCT_BUNDLE_IDENTIFIER = GohApp.GohAppUITests;
				PRODUCT_NAME = "$(TARGET_NAME)";
				SWIFT_EMIT_LOC_STRINGS = NO;
				SWIFT_VERSION = 5.0;
				TARGETED_DEVICE_FAMILY = "1,2";
				TEST_TARGET_NAME = GohApp;
			};
			name = Debug;
		};
		3D3E3B7A2AD42D2100D530AB /* Release */ = {
			isa = XCBuildConfiguration;
			buildSettings = {
				ALWAYS_EMBED_SWIFT_STANDARD_LIBRARIES = YES;
				CODE_SIGN_STYLE = Automatic;
				CURRENT_PROJECT_VERSION = 1;
				GENERATE_INFOPLIST_FILE = YES;
				MARKETING_VERSION = 1.0;
				PRODUCT_BUNDLE_IDENTIFIER = GohApp.GohAppUITests;
				PRODUCT_NAME = "$(TARGET_NAME)";
				SWIFT_EMIT_LOC_STRINGS = NO;
				SWIFT_VERSION = 5.0;
				TARGETED_DEVICE_FAMILY = "1,2";
				TEST_TARGET_NAME = GohApp;
			};
			name = Release;
		};
/* End XCBuildConfiguration section */

/* Begin XCConfigurationList section */
		3D3E3B492AD42D2000D530AB /* Build configuration list for PBXProject "GohApp" */ = {
			isa = XCConfigurationList;
			buildConfigurations = (
				3D3E3B702AD42D2100D530AB /* Debug */,
				3D3E3B712AD42D2100D530AB /* Release */,
			);
			defaultConfigurationIsVisible = 0;
			defaultConfigurationName = Release;
		};
		3D3E3B722AD42D2100D530AB /* Build configuration list for PBXNativeTarget "GohApp" */ = {
			isa = XCConfigurationList;
			buildConfigurations = (
				3D3E3B732AD42D2100D530AB /* Debug */,
				3D3E3B742AD42D2100D530AB /* Release */,
			);
			defaultConfigurationIsVisible = 0;
			defaultConfigurationName = Release;
		};
		3D3E3B752AD42D2100D530AB /* Build configuration list for PBXNativeTarget "GohAppTests" */ = {
			isa = XCConfigurationList;
			buildConfigurations = (
				3D3E3B762AD42D2100D530AB /* Debug */,
				3D3E3B772AD42D2100D530AB /* Release */,
			);
			defaultConfigurationIsVisible = 0;
			defaultConfigurationName = Release;
		};
		3D3E3B782AD42D2100D530AB /* Build configuration list for PBXNativeTarget "GohAppUITests" */ = {
			isa = XCConfigurationList;
			buildConfigurations = (
				3D3E3B792AD42D2100D530AB /* Debug */,
				3D3E3B7A2AD42D2100D530AB /* Release */,
			);
			defaultConfigurationIsVisible = 0;
			defaultConfigurationName = Release;
		};
/* End XCConfigurationList section */
	};
	rootObject = 3D3E3B462AD42D2000D530AB /* Project object */;
}
